
Microsoft Visual Studio Solution File, Format Version 12.00
# Visual Studio 15
VisualStudioVersion = 15.0.27130.2020
MinimumVisualStudioVersion = 10.0.40219.1
Project("{FAE04EC0-301F-11D3-BF4B-00C04F79EFBC}") = "Singleton", "Singleton\Singleton.csproj", "{1D57D173-78CE-4BAF-BCFF-B95F8510D53E}"
EndProject
Project("{9A19103F-16F7-4668-BE54-9A1E7A4F7556}") = "WebApplication", "WebApplication\WebApplication.csproj", "{1682759E-7C77-4121-AEF7-6816319817FF}"
	ProjectSection(ProjectDependencies) = postProject
		{1D57D173-78CE-4BAF-BCFF-B95F8510D53E} = {1D57D173-78CE-4BAF-BCFF-B95F8510D53E}
	EndProjectSection
EndProject
Project("{FAE04EC0-301F-11D3-BF4B-00C04F79EFBC}") = "ConsoleApplication", "ConsoleApplication\ConsoleApplication.csproj", "{EA6E5860-1F9D-479E-999E-B0D639B407EF}"
EndProject
Project("{FAE04EC0-301F-11D3-BF4B-00C04F79EFBC}") = "Observer", "Observer\Observer.csproj", "{4EB710C8-A10F-4A05-ABB0-CC8B7F5C1916}"
EndProject
Project("{FAE04EC0-301F-11D3-BF4B-00C04F79EFBC}") = "Classes", "Classes\Classes.csproj", "{FF8ED67A-2CAE-4FF0-A4EF-5BCA63666EBF}"
EndProject
Project("{FAE04EC0-301F-11D3-BF4B-00C04F79EFBC}") = "Decorator", "Decorator\Decorator.csproj", "{A81D08BA-DAE2-4B37-8461-D06ACB41EFBF}"
EndProject
Project("{2150E333-8FDC-42A3-9474-1A3956D46DE8}") = "Patterns", "Patterns", "{38846AFE-CEC9-4789-9AD0-48640FECFABD}"
EndProject
Project("{2150E333-8FDC-42A3-9474-1A3956D46DE8}") = "Application", "Application", "{E5FC201C-03AA-4CB6-8668-5EB1BC96691A}"
EndProject
Project("{2150E333-8FDC-42A3-9474-1A3956D46DE8}") = "Other", "Other", "{6AFD8B91-C3C3-43CC-88B8-45DDD77344EC}"
EndProject
Global
	GlobalSection(SolutionConfigurationPlatforms) = preSolution
		Debug|Any CPU = Debug|Any CPU
		Release|Any CPU = Release|Any CPU
	EndGlobalSection
	GlobalSection(ProjectConfigurationPlatforms) = postSolution
		{1D57D173-78CE-4BAF-BCFF-B95F8510D53E}.Debug|Any CPU.ActiveCfg = Debug|Any CPU
		{1D57D173-78CE-4BAF-BCFF-B95F8510D53E}.Debug|Any CPU.Build.0 = Debug|Any CPU
		{1D57D173-78CE-4BAF-BCFF-B95F8510D53E}.Release|Any CPU.ActiveCfg = Release|Any CPU
		{1D57D173-78CE-4BAF-BCFF-B95F8510D53E}.Release|Any CPU.Build.0 = Release|Any CPU
		{1682759E-7C77-4121-AEF7-6816319817FF}.Debug|Any CPU.ActiveCfg = Debug|Any CPU
		{1682759E-7C77-4121-AEF7-6816319817FF}.Debug|Any CPU.Build.0 = Debug|Any CPU
		{1682759E-7C77-4121-AEF7-6816319817FF}.Release|Any CPU.ActiveCfg = Release|Any CPU
		{1682759E-7C77-4121-AEF7-6816319817FF}.Release|Any CPU.Build.0 = Release|Any CPU
		{EA6E5860-1F9D-479E-999E-B0D639B407EF}.Debug|Any CPU.ActiveCfg = Debug|Any CPU
		{EA6E5860-1F9D-479E-999E-B0D639B407EF}.Debug|Any CPU.Build.0 = Debug|Any CPU
		{EA6E5860-1F9D-479E-999E-B0D639B407EF}.Release|Any CPU.ActiveCfg = Release|Any CPU
		{EA6E5860-1F9D-479E-999E-B0D639B407EF}.Release|Any CPU.Build.0 = Release|Any CPU
		{4EB710C8-A10F-4A05-ABB0-CC8B7F5C1916}.Debug|Any CPU.ActiveCfg = Debug|Any CPU
		{4EB710C8-A10F-4A05-ABB0-CC8B7F5C1916}.Debug|Any CPU.Build.0 = Debug|Any CPU
		{4EB710C8-A10F-4A05-ABB0-CC8B7F5C1916}.Release|Any CPU.ActiveCfg = Release|Any CPU
		{4EB710C8-A10F-4A05-ABB0-CC8B7F5C1916}.Release|Any CPU.Build.0 = Release|Any CPU
		{FF8ED67A-2CAE-4FF0-A4EF-5BCA63666EBF}.Debug|Any CPU.ActiveCfg = Debug|Any CPU
		{FF8ED67A-2CAE-4FF0-A4EF-5BCA63666EBF}.Debug|Any CPU.Build.0 = Debug|Any CPU
		{FF8ED67A-2CAE-4FF0-A4EF-5BCA63666EBF}.Release|Any CPU.ActiveCfg = Release|Any CPU
		{FF8ED67A-2CAE-4FF0-A4EF-5BCA63666EBF}.Release|Any CPU.Build.0 = Release|Any CPU
		{A81D08BA-DAE2-4B37-8461-D06ACB41EFBF}.Debug|Any CPU.ActiveCfg = Debug|Any CPU
		{A81D08BA-DAE2-4B37-8461-D06ACB41EFBF}.Debug|Any CPU.Build.0 = Debug|Any CPU
		{A81D08BA-DAE2-4B37-8461-D06ACB41EFBF}.Release|Any CPU.ActiveCfg = Release|Any CPU
		{A81D08BA-DAE2-4B37-8461-D06ACB41EFBF}.Release|Any CPU.Build.0 = Release|Any CPU
	EndGlobalSection
	GlobalSection(SolutionProperties) = preSolution
		HideSolutionNode = FALSE
	EndGlobalSection
	GlobalSection(NestedProjects) = preSolution
		{1D57D173-78CE-4BAF-BCFF-B95F8510D53E} = {38846AFE-CEC9-4789-9AD0-48640FECFABD}
		{1682759E-7C77-4121-AEF7-6816319817FF} = {E5FC201C-03AA-4CB6-8668-5EB1BC96691A}
		{EA6E5860-1F9D-479E-999E-B0D639B407EF} = {E5FC201C-03AA-4CB6-8668-5EB1BC96691A}
		{4EB710C8-A10F-4A05-ABB0-CC8B7F5C1916} = {38846AFE-CEC9-4789-9AD0-48640FECFABD}
		{FF8ED67A-2CAE-4FF0-A4EF-5BCA63666EBF} = {6AFD8B91-C3C3-43CC-88B8-45DDD77344EC}
		{A81D08BA-DAE2-4B37-8461-D06ACB41EFBF} = {38846AFE-CEC9-4789-9AD0-48640FECFABD}
	EndGlobalSection
	GlobalSection(ExtensibilityGlobals) = postSolution
		SolutionGuid = {872392ED-0A0E-4B2C-AADA-179CE14C8940}
	EndGlobalSection
EndGlobal
